
Microsoft Visual Studio Solution File, Format Version 12.00
# Visual Studio 14
VisualStudioVersion = 14.0.25420.1
MinimumVisualStudioVersion = 10.0.40219.1
Project("{FAE04EC0-301F-11D3-BF4B-00C04F79EFBC}") = "P5_2_1204029", "P5_2_1204029\P5_2_1204029.csproj", "{193D0EED-2718-49A5-87B9-4A4BC73DD7BB}"
EndProject
Project("{FAE04EC0-301F-11D3-BF4B-00C04F79EFBC}") = "P5_2_1204029_TestClock", "P5_2_1204029_TestClock\P5_2_1204029_TestClock.csproj", "{7032FDA3-8726-4922-932C-65F091B913CA}"
EndProject
Global
	GlobalSection(SolutionConfigurationPlatforms) = preSolution
		Debug|Any CPU = Debug|Any CPU
		Release|Any CPU = Release|Any CPU
	EndGlobalSection
	GlobalSection(ProjectConfigurationPlatforms) = postSolution
		{193D0EED-2718-49A5-87B9-4A4BC73DD7BB}.Debug|Any CPU.ActiveCfg = Debug|Any CPU
		{193D0EED-2718-49A5-87B9-4A4BC73DD7BB}.Debug|Any CPU.Build.0 = Debug|Any CPU
		{193D0EED-2718-49A5-87B9-4A4BC73DD7BB}.Release|Any CPU.ActiveCfg = Release|Any CPU
		{193D0EED-2718-49A5-87B9-4A4BC73DD7BB}.Release|Any CPU.Build.0 = Release|Any CPU
		{7032FDA3-8726-4922-932C-65F091B913CA}.Debug|Any CPU.ActiveCfg = Debug|Any CPU
		{7032FDA3-8726-4922-932C-65F091B913CA}.Debug|Any CPU.Build.0 = Debug|Any CPU
		{7032FDA3-8726-4922-932C-65F091B913CA}.Release|Any CPU.ActiveCfg = Release|Any CPU
		{7032FDA3-8726-4922-932C-65F091B913CA}.Release|Any CPU.Build.0 = Release|Any CPU
	EndGlobalSection
	GlobalSection(SolutionProperties) = preSolution
		HideSolutionNode = FALSE
	EndGlobalSection
EndGlobal
